fyne.io/fyne/v2 v2.4.5 h1:W6jpAEmLoBbKyBB+EXqI7GMJ7kLgHQWCa0wZHUV2VfQ=
fyne.io/fyne/v2 v2.4.5/go.mod h1:SlOgbca0y80cRObu/JOhxIJdIgtoW7aCyqUVlTMgs0Y=
github.com/beevik/cmd v0.2.0 h1:hF8OjBGkaSig01upnKOX3Gv/I2+fSU4gZPv+9X2tAkM=
github.com/beevik/cmd v0.2.0/go.mod h1:4FhajmCR0XjQanKhv+9TxFnXPYPHaf7PmhG8OaV0N5o=
github.com/beevik/prefixtree v0.3.0 h1:X8HA4v10I1xaaCAALFg+JBgvMvVjIs9ZkwjFSwPK3So=
github.com/beevik/prefixtree v0.3.0/go.mod h1:fRm/Aykn4/iqlmGeA2p1HQdQFOV33boGuK+43GRSZvE=
github.com/cjr29/go6502/asm v0.0.0-20240519135954-448b93fea12a h1:M0PEseu7k0Iq7F5+fowI2v6i2Cq0v+Nrh1hNM0srPeQ=
github.com/cjr29/go6502/asm v0.0.0-20240519135954-448b93fea12a/go.mod h1:evBWFlBECKSsbUnflBPYeQr2mhcvW5Votf+mT4DCrHQ=
github.com/cjr29/go6502/cpu v0.0.0-20240519133730-72c4a19a720f h1:dFgXkqhIf7jhHtzbMADuVlf3puxBArpDXGVPRg+cyNs=
github.com/cjr29/go6502/cpu v0.0.0-20240519133730-72c4a19a720f/go.mod h1:QNHNRnzAAxyM7rLjV6RWDe2aqoTQfDyoVCUn73jY0KE=
github.com/cjr29/go6502/disasm v0.0.0-20240519135954-448b93fea12a h1:WAouUzrCFxhXfUU3ONmoa4Dua/WvKGjlkPKOC4kW1Xw=
github.com/cjr29/go6502/disasm v0.0.0-20240519135954-448b93fea12a/go.mod h1:V66lKxnsFhWyE7zNaZh9z2sn5qdHq1aHUUNcSPAJHpg=
github.com/cjr29/go6502/host v0.0.0-20240519135954-448b93fea12a h1:OEYScE++apqFjXdhwUskSrfH9zHd99lFbCXDMeEThD0=
github.com/cjr29/go6502/host v0.0.0-20240519135954-448b93fea12a/go.mod h1:sij8G5XdV+LOol3mDCLatjQgwGdIni+rwDSxOWiAF68=
github.com/cjr29/go6502/term v0.0.0-20240519135954-448b93fea12a h1:rY2wx9UUDV7sxtQT/63enG4UPKWyEYNC97eyJB5Ibzo=
github.com/cjr29/go6502/term v0.0.0-20240519135954-448b93fea12a/go.mod h1:fbROsXoUwtKI6hpxSe44tvf+VzzHpAqKRhI9mqXfa1M=
github.com/davecgh/go-spew v1.1.1 h1:vj9j/u1bqnvCEfJOwUhtlOARqs3+rkHYY13jYWTU97c=
github.com/davecgh/go-spew v1.1.1/go.mod h1:J7Y8YcW2NihsgmVo/mv3lAwl/skON4iLHjSsI+c5H38=
github.com/pmezard/go-difflib v1.0.0 h1:4DBwDE0NGyQoBHbLQYPwSUPoCMWR5BEzIk/f1lZbAQM=
github.com/pmezard/go-difflib v1.0.0/go.mod h1:iKH77koFhYxTK1pcRnkKkqfTogsbg7gZNVY4sRDYZ/4=
github.com/stretchr/testify v1.8.4 h1:CcVxjf3Q8PM0mHUKJCdn+eZZtm5yQwehR5yeSVQQcUk=
github.com/stretchr/testify v1.8.4/go.mod h1:sz/lmYIOXD/1dqDmKjjqLyZ2RngseejIcXlSw2iwfAo=
golang.org/x/sys v0.20.0 h1:Od9JTbYCk261bKm4M/mw7AklTlFYIa0bIp9BgSm1S8Y=
golang.org/x/sys v0.20.0/go.mod h1:/VUhepiaJMQUp4+oa/7Zr1D23ma6VTLIYjOOTFZPUcA=
gopkg.in/yaml.v3 v3.0.1 h1:fxVm/GzAzEWqLHuvctI91KS9hhNmmWOoWu0XTYJS7CA=
gopkg.in/yaml.v3 v3.0.1/go.mod h1:K4uyk7z7BCEPqu6E+C64Yfv1cQ7kz7rIZviUmN+EgEM=
